
Microsoft Visual Studio Solution File, Format Version 12.00
# Visual Studio 14
VisualStudioVersion = 14.0.25123.0
MinimumVisualStudioVersion = 10.0.40219.1
Project("{FAE04EC0-301F-11D3-BF4B-00C04F79EFBC}") = "1.DayWeek", "Arrays\1.DayWeek.csproj", "{A5B116EF-F543-4B27-8B3A-AEEA9E506916}"
EndProject
Project("{FAE04EC0-301F-11D3-BF4B-00C04F79EFBC}") = "2.ReverseArrayIntegers", "2.ReverseArrayIntegers\2.ReverseArrayIntegers.csproj", "{74E17A31-35BE-4CF5-819E-32FF9E960233}"
EndProject
Project("{FAE04EC0-301F-11D3-BF4B-00C04F79EFBC}") = "3.LastKNumbersSumsSequence", "3.LastKNumbersSumsSequence\3.LastKNumbersSumsSequence.csproj", "{D197232D-A0C0-4B3A-98D5-93B4AFCA6DD3}"
EndProject
Project("{FAE04EC0-301F-11D3-BF4B-00C04F79EFBC}") = "4.TrippleSum", "4.TrippleSum\4.TrippleSum.csproj", "{B2150F0B-FB91-4C08-81B4-FA86FEBEA86A}"
EndProject
Global
	GlobalSection(SolutionConfigurationPlatforms) = preSolution
		Debug|Any CPU = Debug|Any CPU
		Release|Any CPU = Release|Any CPU
	EndGlobalSection
	GlobalSection(ProjectConfigurationPlatforms) = postSolution
		{A5B116EF-F543-4B27-8B3A-AEEA9E506916}.Debug|Any CPU.ActiveCfg = Debug|Any CPU
		{A5B116EF-F543-4B27-8B3A-AEEA9E506916}.Debug|Any CPU.Build.0 = Debug|Any CPU
		{A5B116EF-F543-4B27-8B3A-AEEA9E506916}.Release|Any CPU.ActiveCfg = Release|Any CPU
		{A5B116EF-F543-4B27-8B3A-AEEA9E506916}.Release|Any CPU.Build.0 = Release|Any CPU
		{74E17A31-35BE-4CF5-819E-32FF9E960233}.Debug|Any CPU.ActiveCfg = Debug|Any CPU
		{74E17A31-35BE-4CF5-819E-32FF9E960233}.Debug|Any CPU.Build.0 = Debug|Any CPU
		{74E17A31-35BE-4CF5-819E-32FF9E960233}.Release|Any CPU.ActiveCfg = Release|Any CPU
		{74E17A31-35BE-4CF5-819E-32FF9E960233}.Release|Any CPU.Build.0 = Release|Any CPU
		{D197232D-A0C0-4B3A-98D5-93B4AFCA6DD3}.Debug|Any CPU.ActiveCfg = Debug|Any CPU
		{D197232D-A0C0-4B3A-98D5-93B4AFCA6DD3}.Debug|Any CPU.Build.0 = Debug|Any CPU
		{D197232D-A0C0-4B3A-98D5-93B4AFCA6DD3}.Release|Any CPU.ActiveCfg = Release|Any CPU
		{D197232D-A0C0-4B3A-98D5-93B4AFCA6DD3}.Release|Any CPU.Build.0 = Release|Any CPU
		{B2150F0B-FB91-4C08-81B4-FA86FEBEA86A}.Debug|Any CPU.ActiveCfg = Debug|Any CPU
		{B2150F0B-FB91-4C08-81B4-FA86FEBEA86A}.Debug|Any CPU.Build.0 = Debug|Any CPU
		{B2150F0B-FB91-4C08-81B4-FA86FEBEA86A}.Release|Any CPU.ActiveCfg = Release|Any CPU
		{B2150F0B-FB91-4C08-81B4-FA86FEBEA86A}.Release|Any CPU.Build.0 = Release|Any CPU
	EndGlobalSection
	GlobalSection(SolutionProperties) = preSolution
		HideSolutionNode = FALSE
	EndGlobalSection
EndGlobal
